
Microsoft Visual Studio Solution File, Format Version 12.00
# Visual Studio Version 17
VisualStudioVersion = 17.8.34330.188
MinimumVisualStudioVersion = 10.0.40219.1
Project("{FAE04EC0-301F-11D3-BF4B-00C04F79EFBC}") = "MIMAPR LR 1", "MIMAPR LR 1\MIMAPR LR 1.csproj", "{E1E8E6A6-5F7A-4AA9-92FD-0D2C43F21945}"
EndProject
Global
	GlobalSection(SolutionConfigurationPlatforms) = preSolution
		Debug|Any CPU = Debug|Any CPU
		Release|Any CPU = Release|Any CPU
	EndGlobalSection
	GlobalSection(ProjectConfigurationPlatforms) = postSolution
		{E1E8E6A6-5F7A-4AA9-92FD-0D2C43F21945}.Debug|Any CPU.ActiveCfg = Debug|Any CPU
		{E1E8E6A6-5F7A-4AA9-92FD-0D2C43F21945}.Debug|Any CPU.Build.0 = Debug|Any CPU
		{E1E8E6A6-5F7A-4AA9-92FD-0D2C43F21945}.Release|Any CPU.ActiveCfg = Release|Any CPU
		{E1E8E6A6-5F7A-4AA9-92FD-0D2C43F21945}.Release|Any CPU.Build.0 = Release|Any CPU
	EndGlobalSection
	GlobalSection(SolutionProperties) = preSolution
		HideSolutionNode = FALSE
	EndGlobalSection
	GlobalSection(ExtensibilityGlobals) = postSolution
		SolutionGuid = {D23CC73B-133F-4437-8436-DE436110CDBE}
	EndGlobalSection
EndGlobal
